
Microsoft Visual Studio Solution File, Format Version 12.00
# Visual Studio Version 16
VisualStudioVersion = 16.0.31702.278
MinimumVisualStudioVersion = 10.0.40219.1
Project("{9A19103F-16F7-4668-BE54-9A1E7A4F7556}") = "ProjetosWeb", "exerciciosAspNetCoreRazor-main\ProjetosWeb.csproj", "{8615F03A-74B0-4297-9762-27E23839F368}"
EndProject
Global
	GlobalSection(SolutionConfigurationPlatforms) = preSolution
		Debug|Any CPU = Debug|Any CPU
		Release|Any CPU = Release|Any CPU
	EndGlobalSection
	GlobalSection(ProjectConfigurationPlatforms) = postSolution
		{8615F03A-74B0-4297-9762-27E23839F368}.Debug|Any CPU.ActiveCfg = Debug|Any CPU
		{8615F03A-74B0-4297-9762-27E23839F368}.Debug|Any CPU.Build.0 = Debug|Any CPU
		{8615F03A-74B0-4297-9762-27E23839F368}.Release|Any CPU.ActiveCfg = Release|Any CPU
		{8615F03A-74B0-4297-9762-27E23839F368}.Release|Any CPU.Build.0 = Release|Any CPU
	EndGlobalSection
	GlobalSection(SolutionProperties) = preSolution
		HideSolutionNode = FALSE
	EndGlobalSection
	GlobalSection(ExtensibilityGlobals) = postSolution
		SolutionGuid = {93F1B84E-40B4-410D-B62A-0E4CB791B41B}
	EndGlobalSection
EndGlobal
