
Microsoft Visual Studio Solution File, Format Version 12.00
# Visual Studio Version 16
VisualStudioVersion = 16.0.31702.278
MinimumVisualStudioVersion = 10.0.40219.1
Project("{9A19103F-16F7-4668-BE54-9A1E7A4F7556}") = "ProjetosWeb", "ProjetosWeb.csproj", "{77FCB102-E0C9-43E2-98A0-8D7DD983B70E}"
EndProject
Global
	GlobalSection(SolutionConfigurationPlatforms) = preSolution
		Debug|Any CPU = Debug|Any CPU
		Release|Any CPU = Release|Any CPU
	EndGlobalSection
	GlobalSection(ProjectConfigurationPlatforms) = postSolution
		{77FCB102-E0C9-43E2-98A0-8D7DD983B70E}.Debug|Any CPU.ActiveCfg = Debug|Any CPU
		{77FCB102-E0C9-43E2-98A0-8D7DD983B70E}.Debug|Any CPU.Build.0 = Debug|Any CPU
		{77FCB102-E0C9-43E2-98A0-8D7DD983B70E}.Release|Any CPU.ActiveCfg = Release|Any CPU
		{77FCB102-E0C9-43E2-98A0-8D7DD983B70E}.Release|Any CPU.Build.0 = Release|Any CPU
	EndGlobalSection
	GlobalSection(SolutionProperties) = preSolution
		HideSolutionNode = FALSE
	EndGlobalSection
	GlobalSection(ExtensibilityGlobals) = postSolution
		SolutionGuid = {5E3EF76E-D23D-4FD4-9D9F-0C41C551247B}
	EndGlobalSection
EndGlobal
